
Microsoft Visual Studio Solution File, Format Version 12.00
# Visual Studio Version 17
VisualStudioVersion = 17.7.34024.191
MinimumVisualStudioVersion = 10.0.40219.1
Project("{2150E333-8FDC-42A3-9474-1A3956D46DE8}") = "Domain", "Domain", "{E142247F-E269-4766-8467-38CF08FFDBC2}"
EndProject
Project("{2150E333-8FDC-42A3-9474-1A3956D46DE8}") = "MicroServices", "MicroServices", "{9670EADF-B860-4C56-AE84-1A17EDC5534E}"
EndProject
Project("{2150E333-8FDC-42A3-9474-1A3956D46DE8}") = "Infra.Bus", "Infra.Bus", "{B451FB6C-BBC4-4BC8-BECA-AA2A30AA512E}"
EndProject
Project("{2150E333-8FDC-42A3-9474-1A3956D46DE8}") = "Infra.IoC", "Infra.IoC", "{66FD4FB7-F11F-4BFE-896A-31AEEF0937F7}"
EndProject
Project("{2150E333-8FDC-42A3-9474-1A3956D46DE8}") = "Presentation", "Presentation", "{749D8295-8BD7-4A7A-8C9E-C763FEF50C31}"
EndProject
Project("{FAE04EC0-301F-11D3-BF4B-00C04F79EFBC}") = "MicroRabbit.Domain.Core", "MicroRabbit.Domain.Core\MicroRabbit.Domain.Core.csproj", "{06A5EE71-F4E1-4B95-B0D0-705726EA2578}"
EndProject
Global
	GlobalSection(SolutionConfigurationPlatforms) = preSolution
		Debug|Any CPU = Debug|Any CPU
		Release|Any CPU = Release|Any CPU
	EndGlobalSection
	GlobalSection(ProjectConfigurationPlatforms) = postSolution
		{06A5EE71-F4E1-4B95-B0D0-705726EA2578}.Debug|Any CPU.ActiveCfg = Debug|Any CPU
		{06A5EE71-F4E1-4B95-B0D0-705726EA2578}.Debug|Any CPU.Build.0 = Debug|Any CPU
		{06A5EE71-F4E1-4B95-B0D0-705726EA2578}.Release|Any CPU.ActiveCfg = Release|Any CPU
		{06A5EE71-F4E1-4B95-B0D0-705726EA2578}.Release|Any CPU.Build.0 = Release|Any CPU
	EndGlobalSection
	GlobalSection(SolutionProperties) = preSolution
		HideSolutionNode = FALSE
	EndGlobalSection
	GlobalSection(NestedProjects) = preSolution
		{06A5EE71-F4E1-4B95-B0D0-705726EA2578} = {E142247F-E269-4766-8467-38CF08FFDBC2}
	EndGlobalSection
	GlobalSection(ExtensibilityGlobals) = postSolution
		SolutionGuid = {F1745550-EEC8-4F85-8040-E7E3568A94FA}
	EndGlobalSection
EndGlobal
